
Microsoft Visual Studio Solution File, Format Version 12.00
# Visual Studio 15
VisualStudioVersion = 15.0.28307.168
MinimumVisualStudioVersion = 10.0.40219.1
Project("{FAE04EC0-301F-11D3-BF4B-00C04F79EFBC}") = "TodoList.App", "TodoList.App\TodoList.App.csproj", "{8B15EE09-F96C-43F2-9A03-B2E5410B7A18}"
EndProject
Project("{FAE04EC0-301F-11D3-BF4B-00C04F79EFBC}") = "TodoList.Core.Model", "TodoList.Core.Model\TodoList.Core.Model.csproj", "{65D3E952-E451-4048-883A-EE3E466D7731}"
EndProject
Project("{FAE04EC0-301F-11D3-BF4B-00C04F79EFBC}") = "TodoList.Data", "TodoList.Data\TodoList.Data.csproj", "{02F0F276-589A-4140-999F-4CA9FFF9CEE8}"
EndProject
Global
	GlobalSection(SolutionConfigurationPlatforms) = preSolution
		Debug|Any CPU = Debug|Any CPU
		Release|Any CPU = Release|Any CPU
	EndGlobalSection
	GlobalSection(ProjectConfigurationPlatforms) = postSolution
		{8B15EE09-F96C-43F2-9A03-B2E5410B7A18}.Debug|Any CPU.ActiveCfg = Debug|Any CPU
		{8B15EE09-F96C-43F2-9A03-B2E5410B7A18}.Debug|Any CPU.Build.0 = Debug|Any CPU
		{8B15EE09-F96C-43F2-9A03-B2E5410B7A18}.Release|Any CPU.ActiveCfg = Release|Any CPU
		{8B15EE09-F96C-43F2-9A03-B2E5410B7A18}.Release|Any CPU.Build.0 = Release|Any CPU
		{65D3E952-E451-4048-883A-EE3E466D7731}.Debug|Any CPU.ActiveCfg = Debug|Any CPU
		{65D3E952-E451-4048-883A-EE3E466D7731}.Debug|Any CPU.Build.0 = Debug|Any CPU
		{65D3E952-E451-4048-883A-EE3E466D7731}.Release|Any CPU.ActiveCfg = Release|Any CPU
		{65D3E952-E451-4048-883A-EE3E466D7731}.Release|Any CPU.Build.0 = Release|Any CPU
		{02F0F276-589A-4140-999F-4CA9FFF9CEE8}.Debug|Any CPU.ActiveCfg = Debug|Any CPU
		{02F0F276-589A-4140-999F-4CA9FFF9CEE8}.Debug|Any CPU.Build.0 = Debug|Any CPU
		{02F0F276-589A-4140-999F-4CA9FFF9CEE8}.Release|Any CPU.ActiveCfg = Release|Any CPU
		{02F0F276-589A-4140-999F-4CA9FFF9CEE8}.Release|Any CPU.Build.0 = Release|Any CPU
	EndGlobalSection
	GlobalSection(SolutionProperties) = preSolution
		HideSolutionNode = FALSE
	EndGlobalSection
	GlobalSection(ExtensibilityGlobals) = postSolution
		SolutionGuid = {6926CCF9-B4F5-4D97-A24B-73EE553FDDF3}
	EndGlobalSection
EndGlobal
